#MicroXplorer Configuration settings - do not modify
ADC3.Channel-0\#ChannelRegularConversion=ADC_CHANNEL_9
ADC3.IPParameters=Rank-0\#ChannelRegularConversion,Channel-0\#ChannelRegularConversion,SamplingTime-0\#ChannelRegularConversion,NbrOfConversionFlag
ADC3.NbrOfConversionFlag=1
ADC3.Rank-0\#ChannelRegularConversion=1
ADC3.SamplingTime-0\#ChannelRegularConversion=ADC_SAMPLETIME_3CYCLES
CAN1.BS1=CAN_BS1_2TQ
CAN1.BS2=CAN_BS2_1TQ
CAN1.CalculateTimeBit=1185
CAN1.CalculateTimeQuantum=296.2962962962963
CAN1.IPParameters=CalculateTimeQuantum,CalculateTimeBit,BS1,BS2
ETH.IPParameters=MediaInterface
ETH.MediaInterface=ETH_MEDIA_INTERFACE_RMII
FREERTOS.FootprintOK=true
FREERTOS.IPParameters=Tasks01,FootprintOK
FREERTOS.Tasks01=defaultTask,0,128,StartDefaultTask,Default
File.Version=6
I2C2.IPParameters=Timing
I2C2.Timing=0x20404768
I2C4.IPParameters=Timing
I2C4.Timing=0x20404768
KeepUserPlacement=true
LWIP.Version=v1.5.0_RC0_20160211_Cube
Mcu.Family=STM32F7
Mcu.IP0=ADC3
Mcu.IP1=CAN1
Mcu.IP10=QUADSPI
Mcu.IP11=RCC
Mcu.IP12=SAI1
Mcu.IP13=SDMMC1
Mcu.IP14=SDMMC2
Mcu.IP15=SPI2
Mcu.IP16=SPI4
Mcu.IP17=SPI5
Mcu.IP18=SYS
Mcu.IP19=TIM1
Mcu.IP2=CORTEX_M7
Mcu.IP20=TIM2
Mcu.IP21=TIM3
Mcu.IP22=TIM4
Mcu.IP23=TIM5
Mcu.IP24=TIM8
Mcu.IP25=TIM9
Mcu.IP26=TIM10
Mcu.IP27=TIM11
Mcu.IP28=TIM13
Mcu.IP29=TIM14
Mcu.IP3=ETH
Mcu.IP30=UART5
Mcu.IP31=UART7
Mcu.IP32=UART8
Mcu.IP33=USART3
Mcu.IP34=USB_DEVICE
Mcu.IP35=USB_OTG_FS
Mcu.IP4=FATFS
Mcu.IP5=FREERTOS
Mcu.IP6=I2C2
Mcu.IP7=I2C4
Mcu.IP8=LWIP
Mcu.IP9=NVIC
Mcu.IPNb=36
Mcu.Name=STM32F767Z(G-I)Tx
Mcu.Package=LQFP144
Mcu.Pin0=PE2
Mcu.Pin1=PE4
Mcu.Pin10=PF4
Mcu.Pin100=VP_LWIP_VS_Enabled
Mcu.Pin101=VP_SYS_VS_Systick
Mcu.Pin102=VP_TIM10_VS_ClockSourceINT
Mcu.Pin103=VP_TIM11_VS_ClockSourceINT
Mcu.Pin104=VP_TIM13_VS_ClockSourceINT
Mcu.Pin105=VP_TIM14_VS_ClockSourceINT
Mcu.Pin106=VP_USB_DEVICE_VS_USB_DEVICE_CDC_FS
Mcu.Pin11=PF5
Mcu.Pin12=PF6
Mcu.Pin13=PF7
Mcu.Pin14=PF8
Mcu.Pin15=PF9
Mcu.Pin16=PF10
Mcu.Pin17=PH0/OSC_IN
Mcu.Pin18=PH1/OSC_OUT
Mcu.Pin19=PC0
Mcu.Pin2=PE5
Mcu.Pin20=PC1
Mcu.Pin21=PC2
Mcu.Pin22=PC3
Mcu.Pin23=PA0/WKUP
Mcu.Pin24=PA1
Mcu.Pin25=PA2
Mcu.Pin26=PA3
Mcu.Pin27=PA4
Mcu.Pin28=PA5
Mcu.Pin29=PA6
Mcu.Pin3=PE6
Mcu.Pin30=PA7
Mcu.Pin31=PC4
Mcu.Pin32=PC5
Mcu.Pin33=PB0
Mcu.Pin34=PB1
Mcu.Pin35=PB2
Mcu.Pin36=PF11
Mcu.Pin37=PF14
Mcu.Pin38=PF15
Mcu.Pin39=PE7
Mcu.Pin4=PC13
Mcu.Pin40=PE8
Mcu.Pin41=PE9
Mcu.Pin42=PE10
Mcu.Pin43=PE11
Mcu.Pin44=PE12
Mcu.Pin45=PE13
Mcu.Pin46=PE14
Mcu.Pin47=PE15
Mcu.Pin48=PB10
Mcu.Pin49=PB11
Mcu.Pin5=PC14/OSC32_IN
Mcu.Pin50=PB12
Mcu.Pin51=PB13
Mcu.Pin52=PB14
Mcu.Pin53=PB15
Mcu.Pin54=PD8
Mcu.Pin55=PD9
Mcu.Pin56=PD11
Mcu.Pin57=PD12
Mcu.Pin58=PD13
Mcu.Pin59=PD14
Mcu.Pin6=PC15/OSC32_OUT
Mcu.Pin60=PD15
Mcu.Pin61=PG2
Mcu.Pin62=PG3
Mcu.Pin63=PG6
Mcu.Pin64=PG7
Mcu.Pin65=PC6
Mcu.Pin66=PC7
Mcu.Pin67=PC8
Mcu.Pin68=PC9
Mcu.Pin69=PA8
Mcu.Pin7=PF0
Mcu.Pin70=PA9
Mcu.Pin71=PA10
Mcu.Pin72=PA11
Mcu.Pin73=PA12
Mcu.Pin74=PA13
Mcu.Pin75=PA14
Mcu.Pin76=PC10
Mcu.Pin77=PC11
Mcu.Pin78=PC12
Mcu.Pin79=PD0
Mcu.Pin8=PF1
Mcu.Pin80=PD1
Mcu.Pin81=PD2
Mcu.Pin82=PD3
Mcu.Pin83=PD4
Mcu.Pin84=PD6
Mcu.Pin85=PD7
Mcu.Pin86=PG9
Mcu.Pin87=PG11
Mcu.Pin88=PG12
Mcu.Pin89=PG13
Mcu.Pin9=PF3
Mcu.Pin90=PB3
Mcu.Pin91=PB4
Mcu.Pin92=PB5
Mcu.Pin93=PB6
Mcu.Pin94=PB7
Mcu.Pin95=PB9
Mcu.Pin96=PE0
Mcu.Pin97=PE1
Mcu.Pin98=VP_FATFS_VS_SDIO
Mcu.Pin99=VP_FREERTOS_VS_ENABLE
Mcu.PinsNb=107
Mcu.UserConstants=
Mcu.UserName=STM32F767ZITx
MxCube.Version=4.18.0
MxDb.Version=DB.4.0.180
NVIC.BusFault_IRQn=true\:0\:0\:false\:false\:false\:false
NVIC.DebugMonitor_IRQn=true\:0\:0\:false\:false\:false\:false
NVIC.ETH_IRQn=true\:0\:0\:false\:false\:true\:false
NVIC.HardFault_IRQn=true\:0\:0\:false\:false\:false\:false
NVIC.MemoryManagement_IRQn=true\:0\:0\:false\:false\:false\:false
NVIC.NonMaskableInt_IRQn=true\:0\:0\:false\:false\:false\:false
NVIC.OTG_FS_IRQn=true\:5\:0\:false\:false\:true\:true
NVIC.PendSV_IRQn=true\:15\:0\:false\:false\:false\:true
NVIC.PriorityGroup=NVIC_PRIORITYGROUP_4
NVIC.SVCall_IRQn=true\:0\:0\:false\:false\:false\:false
NVIC.SysTick_IRQn=true\:15\:0\:false\:false\:true\:true
NVIC.UsageFault_IRQn=true\:0\:0\:false\:false\:false\:false
PA0/WKUP.Signal=S_TIM5_CH1
PA1.Locked=true
PA1.Mode=RMII
PA1.Signal=ETH_REF_CLK
PA10.GPIOParameters=GPIO_Label
PA10.GPIO_Label=USB_ID
PA10.Locked=true
PA10.Signal=USB_OTG_FS_ID
PA11.GPIOParameters=GPIO_Label
PA11.GPIO_Label=USB_DM
PA11.Locked=true
PA11.Mode=Device_Only
PA11.Signal=USB_OTG_FS_DM
PA12.GPIOParameters=GPIO_Label
PA12.GPIO_Label=USB_DP
PA12.Locked=true
PA12.Mode=Device_Only
PA12.Signal=USB_OTG_FS_DP
PA13.GPIOParameters=GPIO_Label
PA13.GPIO_Label=TMS
PA13.Locked=true
PA13.Mode=Serial_Wire
PA13.Signal=SYS_JTMS-SWDIO
PA14.GPIOParameters=GPIO_Label
PA14.GPIO_Label=TCK
PA14.Locked=true
PA14.Mode=Serial_Wire
PA14.Signal=SYS_JTCK-SWCLK
PA2.GPIOParameters=GPIO_Label
PA2.GPIO_Label=RMII_MDIO [LAN8742A-CZ-TR_MDIO]
PA2.Locked=true
PA2.Mode=RMII
PA2.Signal=ETH_MDIO
PA3.Locked=true
PA3.Signal=S_TIM9_CH2
PA4.Locked=true
PA4.Signal=GPIO_Analog
PA5.Signal=S_TIM2_CH1_ETR
PA6.Signal=S_TIM13_CH1
PA7.Locked=true
PA7.Mode=RMII
PA7.Signal=ETH_CRS_DV
PA8.GPIOParameters=GPIO_Label
PA8.GPIO_Label=USB_SOF [TP1]
PA8.Locked=true
PA8.Signal=USB_OTG_FS_SOF
PA9.GPIOParameters=GPIO_Label
PA9.GPIO_Label=USB_VBUS
PA9.Locked=true
PA9.Signal=USB_OTG_FS_VBUS
PB0.Signal=S_TIM3_CH3
PB1.Signal=S_TIM3_CH4
PB10.Mode=Single Bank 1
PB10.Signal=QUADSPI_BK1_NCS
PB11.Signal=S_TIM2_CH4
PB12.Mode=Asynchronous
PB12.Signal=UART5_RX
PB13.GPIOParameters=GPIO_Label
PB13.GPIO_Label=RMII_TXD1 [LAN8742A-CZ-TR_TXD1]
PB13.Locked=true
PB13.Mode=RMII
PB13.Signal=ETH_TXD1
PB14.Locked=true
PB14.Signal=GPIO_Output
PB15.Mode=SD_4_bits_Wide_bus
PB15.Signal=SDMMC2_D1
PB2.Mode=Single Bank 1
PB2.Signal=QUADSPI_CLK
PB3.Mode=SD_4_bits_Wide_bus
PB3.Signal=SDMMC2_D2
PB4.Locked=true
PB4.Signal=S_TIM3_CH1
PB5.Locked=true
PB5.Signal=S_TIM3_CH2
PB6.Locked=true
PB6.Signal=S_TIM4_CH1
PB7.Signal=S_TIM4_CH2
PB9.Mode=Asynchronous
PB9.Signal=UART5_TX
PC0.Locked=true
PC0.Signal=GPIO_Output
PC1.GPIOParameters=GPIO_Label
PC1.GPIO_Label=RMII_MDC [LAN8742A-CZ-TR_MDC]
PC1.Locked=true
PC1.Mode=RMII
PC1.Signal=ETH_MDC
PC10.Mode=SD_4_bits_Wide_bus
PC10.Signal=SDMMC1_D2
PC11.Mode=SD_4_bits_Wide_bus
PC11.Signal=SDMMC1_D3
PC12.Mode=SD_4_bits_Wide_bus
PC12.Signal=SDMMC1_CK
PC13.GPIOParameters=GPIO_Label
PC13.GPIO_Label=User Blue Button [B1]
PC13.Locked=true
PC13.Signal=GPIO_Input
PC14/OSC32_IN.Locked=true
PC14/OSC32_IN.Signal=RCC_OSC32_IN
PC15/OSC32_OUT.Locked=true
PC15/OSC32_OUT.Signal=RCC_OSC32_OUT
PC2.Mode=Full_Duplex_Master
PC2.Signal=SPI2_MISO
PC3.Mode=Full_Duplex_Master
PC3.Signal=SPI2_MOSI
PC4.GPIOParameters=GPIO_Label
PC4.GPIO_Label=RMII_RXD0 [LAN8742A-CZ-TR_RXD0]
PC4.Locked=true
PC4.Mode=RMII
PC4.Signal=ETH_RXD0
PC5.GPIOParameters=GPIO_Label
PC5.GPIO_Label=RMII_RXD1 [LAN8742A-CZ-TR_RXD1]
PC5.Locked=true
PC5.Mode=RMII
PC5.Signal=ETH_RXD1
PC6.Signal=S_TIM8_CH1
PC7.Signal=S_TIM8_CH2
PC8.Mode=SD_4_bits_Wide_bus
PC8.Signal=SDMMC1_D0
PC9.Mode=SD_4_bits_Wide_bus
PC9.Signal=SDMMC1_D1
PCC.Checker=false
PCC.Line=STM32F7x7
PCC.MCU=STM32F767Z(G-I)Tx
PCC.MXVersion=4.18.0
PCC.PartNumber=STM32F767ZITx
PCC.Seq0=0
PCC.Series=STM32F7
PCC.Temperature=25
PCC.Vdd=3.6
PD0.Mode=Master
PD0.Signal=CAN1_RX
PD1.Mode=Master
PD1.Signal=CAN1_TX
PD11.Mode=Single Bank 1
PD11.Signal=QUADSPI_BK1_IO0
PD12.Mode=Single Bank 1
PD12.Signal=QUADSPI_BK1_IO1
PD13.Locked=true
PD13.Mode=Single Bank 1
PD13.Signal=QUADSPI_BK1_IO3
PD14.Signal=S_TIM4_CH3
PD15.Signal=S_TIM4_CH4
PD2.Mode=SD_4_bits_Wide_bus
PD2.Signal=SDMMC1_CMD
PD3.Locked=true
PD3.Mode=Full_Duplex_Master
PD3.Signal=SPI2_SCK
PD4.Locked=true
PD4.Signal=GPIO_Output
PD6.Mode=SD_4_bits_Wide_bus
PD6.Signal=SDMMC2_CK
PD7.Mode=SD_4_bits_Wide_bus
PD7.Signal=SDMMC2_CMD
PD8.GPIOParameters=GPIO_Label
PD8.GPIO_Label=STLK_RX [STM32F103CBT6_PA3]
PD8.Locked=true
PD8.Mode=Asynchronous
PD8.Signal=USART3_TX
PD9.GPIOParameters=GPIO_Label
PD9.GPIO_Label=STLK_TX [STM32F103CBT6_PA2]
PD9.Locked=true
PD9.Mode=Asynchronous
PD9.Signal=USART3_RX
PE0.Mode=Asynchronous
PE0.Signal=UART8_RX
PE1.Mode=Asynchronous
PE1.Signal=UART8_TX
PE10.Locked=true
PE10.Signal=GPIO_Output
PE11.Signal=S_TIM1_CH2
PE12.Locked=true
PE12.Mode=Full_Duplex_Master
PE12.Signal=SPI4_SCK
PE13.Mode=Full_Duplex_Master
PE13.Signal=SPI4_MISO
PE14.Locked=true
PE14.Mode=Full_Duplex_Master
PE14.Signal=SPI4_MOSI
PE15.Locked=true
PE15.Signal=GPIO_Output
PE2.Mode=Single Bank 1
PE2.Signal=QUADSPI_BK1_IO2
PE4.Mode=SAI_A_Master
PE4.Signal=SAI1_FS_A
PE5.Mode=SAI_A_Master
PE5.Signal=SAI1_SCK_A
PE6.Mode=SAI_A_Master
PE6.Signal=SAI1_SD_A
PE7.Mode=Asynchronous
PE7.Signal=UART7_RX
PE8.Mode=Asynchronous
PE8.Signal=UART7_TX
PE9.Signal=S_TIM1_CH1
PF0.Mode=I2C
PF0.Signal=I2C2_SDA
PF1.Mode=I2C
PF1.Signal=I2C2_SCL
PF10.Mode=IN8
PF10.Signal=ADC3_IN8
PF11.Mode=Full_Duplex_Master
PF11.Signal=SPI5_MOSI
PF14.Mode=I2C
PF14.Signal=I2C4_SCL
PF15.Mode=I2C
PF15.Signal=I2C4_SDA
PF3.Mode=IN9
PF3.Signal=ADC3_IN9
PF4.Mode=IN14
PF4.Signal=ADC3_IN14
PF5.Mode=IN15
PF5.Signal=ADC3_IN15
PF6.Locked=true
PF6.Signal=S_TIM10_CH1
PF7.Mode=Full_Duplex_Master
PF7.Signal=SPI5_SCK
PF8.Mode=Full_Duplex_Master
PF8.Signal=SPI5_MISO
PF9.Signal=S_TIM14_CH1
PG11.GPIOParameters=GPIO_Label
PG11.GPIO_Label=RMII_TX_EN [LAN8742A-CZ-TR_TXEN]
PG11.Locked=true
PG11.Mode=RMII
PG11.Signal=ETH_TX_EN
PG12.Mode=SD_4_bits_Wide_bus
PG12.Signal=SDMMC2_D3
PG13.GPIOParameters=GPIO_Label
PG13.GPIO_Label=RMII_TXD0 [LAN8742A-CZ-TR_TXD0]
PG13.Locked=true
PG13.Mode=RMII
PG13.Signal=ETH_TXD0
PG2.Locked=true
PG2.Signal=GPIO_Output
PG3.Locked=true
PG3.Signal=GPIO_Output
PG6.GPIOParameters=GPIO_Label
PG6.GPIO_Label=USB_PowerSwitchOn [STMPS2151STR_EN]
PG6.Locked=true
PG6.Signal=GPIO_Output
PG7.GPIOParameters=GPIO_Label
PG7.GPIO_Label=USB_OverCurrent [STMPS2151STR_FAULT]
PG7.Locked=true
PG7.Signal=GPIO_Input
PG9.Mode=SD_4_bits_Wide_bus
PG9.Signal=SDMMC2_D0
PH0/OSC_IN.GPIOParameters=GPIO_Label
PH0/OSC_IN.GPIO_Label=MCO [STM32F103CBT6_PA8]
PH0/OSC_IN.Locked=true
PH0/OSC_IN.Mode=HSE-External-Oscillator
PH0/OSC_IN.Signal=RCC_OSC_IN
PH1/OSC_OUT.Locked=true
PH1/OSC_OUT.Mode=HSE-External-Oscillator
PH1/OSC_OUT.Signal=RCC_OSC_OUT
ProjectManager.AskForMigrate=true
ProjectManager.BackupPrevious=false
ProjectManager.CompilerOptimize=2
ProjectManager.ComputerToolchain=false
ProjectManager.CoupleFile=true
ProjectManager.CustomerFirmwarePackage=C\:\\Users\\Administrator\\Downloads\\STM32Cube_FW_F7_V1.5.0
ProjectManager.DefaultFWLocation=false
ProjectManager.DeletePrevious=true
ProjectManager.DeviceId=STM32F767ZITx
ProjectManager.FirmwarePackage=STM32Cube FW_F7 V1.5.1
ProjectManager.FreePins=false
ProjectManager.HalAssertFull=false
ProjectManager.HeapSize=0x400
ProjectManager.KeepUserCode=true
ProjectManager.LastFirmware=false
ProjectManager.LibraryCopy=1
ProjectManager.PreviousToolchain=
ProjectManager.ProjectBuild=false
ProjectManager.ProjectFileName=EEDrone.ioc
ProjectManager.ProjectName=EEDrone
ProjectManager.StackSize=0x800
ProjectManager.TargetToolchain=EWARM
ProjectManager.ToolChainLocation=C\:\\Users\\Administrator\\Desktop\\cubeMX\\EEDrone
ProjectManager.UnderRoot=false
ProjectManager.functionlistsort=1-MX_GPIO_Init-GPIO-false-HAL,2-SystemClock_Config-RCC-false-HAL,3-MX_I2C2_Init-I2C2-false-HAL,4-MX_I2C4_Init-I2C4-false-HAL,5-MX_SDMMC1_SD_Init-SDMMC1-false-HAL,6-MX_SPI2_Init-SPI2-false-HAL,7-MX_TIM3_Init-TIM3-false-HAL,8-MX_TIM4_Init-TIM4-false-HAL,9-MX_TIM9_Init-TIM9-false-HAL,10-MX_TIM14_Init-TIM14-false-HAL,11-MX_USART3_UART_Init-USART3-false-HAL,12-MX_FATFS_Init-FATFS-false-HAL,13-MX_LWIP_Init-LWIP-false-HAL,14-MX_USB_DEVICE_Init-USB_DEVICE-false-HAL,15-MX_CAN1_Init-CAN1-false-HAL,16-MX_SDMMC2_SD_Init-SDMMC2-false-HAL,17-MX_SPI4_Init-SPI4-false-HAL,18-MX_ADC3_Init-ADC3-false-HAL,19-MX_SAI1_Init-SAI1-false-HAL,20-MX_TIM1_Init-TIM1-false-HAL,21-MX_TIM2_Init-TIM2-false-HAL,22-MX_TIM5_Init-TIM5-false-HAL,23-MX_TIM8_Init-TIM8-false-HAL,24-MX_UART7_Init-UART7-false-HAL,25-MX_UART8_Init-UART8-false-HAL,26-MX_SPI5_Init-SPI5-false-HAL,27-MX_QUADSPI_Init-QUADSPI-false-HAL,28-MX_TIM10_Init-TIM10-false-HAL,29-MX_TIM11_Init-TIM11-false-HAL,30-MX_TIM13_Init-TIM13-false-HAL,31-MX_UART5_Init-UART5-false-HAL
RCC.48MHZClocksFreq_Value=24000000
RCC.ADC12outputFreq_Value=72000000
RCC.ADC34outputFreq_Value=72000000
RCC.AHBFreq_Value=216000000
RCC.APB1CLKDivider=RCC_HCLK_DIV4
RCC.APB1Freq_Value=54000000
RCC.APB1TimFreq_Value=108000000
RCC.APB2CLKDivider=RCC_HCLK_DIV2
RCC.APB2Freq_Value=108000000
RCC.APB2TimFreq_Value=216000000
RCC.CECFreq_Value=32786.88524590164
RCC.CortexFreq_Value=216000000
RCC.DFSDMAudioFreq_Value=64000000
RCC.DFSDMFreq_Value=108000000
RCC.EthernetFreq_Value=216000000
RCC.FCLKCortexFreq_Value=216000000
RCC.FamilyName=M
RCC.HCLKFreq_Value=216000000
RCC.HSE_VALUE=8000000
RCC.HSI_VALUE=16000000
RCC.I2C1Freq_Value=54000000
RCC.I2C2Freq_Value=54000000
RCC.I2C3Freq_Value=54000000
RCC.I2C4Freq_Value=54000000
RCC.I2SClocksFreq_Value=48000000
RCC.I2SFreq_Value=96000000
RCC.IPParameters=48MHZClocksFreq_Value,ADC12outputFreq_Value,ADC34outputFreq_Value,AHBFreq_Value,APB1CLKDivider,APB1Freq_Value,APB1TimFreq_Value,APB2CLKDivider,APB2Freq_Value,APB2TimFreq_Value,CECFreq_Value,CortexFreq_Value,DFSDMAudioFreq_Value,DFSDMFreq_Value,EthernetFreq_Value,FCLKCortexFreq_Value,FamilyName,HCLKFreq_Value,HSE_VALUE,HSI_VALUE,I2C1Freq_Value,I2C2Freq_Value,I2C3Freq_Value,I2C4Freq_Value,I2SClocksFreq_Value,I2SFreq_Value,LCDTFTFreq_Value,LCDTFToutputFreq_Value,LPTIM1Freq_Value,LSE_VALUE,LSI_VALUE,MCO1PinFreq_Value,MCO2PinFreq_Value,MCOFreq_Value,PLLCLKFreq_Value,PLLI2SPCLKFreq_Value,PLLI2SQCLKFreq_Value,PLLI2SRCLKFreq_Value,PLLI2SRoutputFreq_Value,PLLM,PLLMCOFreq_Value,PLLMUL,PLLN,PLLQ,PLLQCLKFreq_Value,PLLQoutputFreq_Value,PLLRFreq_Value,PLLSAIPCLKFreq_Value,PLLSAIQ,PLLSAIQCLKFreq_Value,PLLSAIRCLKFreq_Value,PLLSAIoutputFreq_Value,PRESCALERUSB,RNGFreq_Value,RTCFreq_Value,RTCHSEDivFreq_Value,SAI1Freq_Value,SAI2Freq_Value,SDMMC2ClockSelection,SDMMC2Freq_Value,SDMMCClockSelection,SDMMCFreq_Value,SPDIFRXFreq_Value,SYSCLKFreq_VALUE,SYSCLKSource,SYSCLKSourceVirtual,TIM15Freq_Value,TIM16Freq_Value,TIM17Freq_Value,TIM1Freq_Value,TIM20Freq_Value,TIM2Freq_Value,TIM3Freq_Value,TIM8Freq_Value,UART4Freq_Value,UART5Freq_Value,UART7Freq_Value,UART8Freq_Value,USART1Freq_Value,USART2Freq_Value,USART3Freq_Value,USART6Freq_Value,USBFreq_Value,VCOI2SOutputFreq_Value,VCOInputFreq_Value,VCOOutput2Freq_Value,VCOOutputFreq_Value,VCOSAIOutputFreq_Value,VcooutputI2S,WatchDogFreq_Value
RCC.LCDTFTFreq_Value=48000000
RCC.LCDTFToutputFreq_Value=24000000
RCC.LPTIM1Freq_Value=54000000
RCC.LSE_VALUE=32768
RCC.LSI_VALUE=32000
RCC.MCO1PinFreq_Value=16000000
RCC.MCO2PinFreq_Value=216000000
RCC.MCOFreq_Value=72000000
RCC.PLLCLKFreq_Value=216000000
RCC.PLLI2SPCLKFreq_Value=96000000
RCC.PLLI2SQCLKFreq_Value=96000000
RCC.PLLI2SRCLKFreq_Value=96000000
RCC.PLLI2SRoutputFreq_Value=96000000
RCC.PLLM=8
RCC.PLLMCOFreq_Value=72000000
RCC.PLLMUL=RCC_PLL_MUL9
RCC.PLLN=432
RCC.PLLQ=9
RCC.PLLQCLKFreq_Value=48000000
RCC.PLLQoutputFreq_Value=48000000
RCC.PLLRFreq_Value=216000000
RCC.PLLSAIPCLKFreq_Value=96000000
RCC.PLLSAIQ=3
RCC.PLLSAIQCLKFreq_Value=64000000
RCC.PLLSAIRCLKFreq_Value=96000000
RCC.PLLSAIoutputFreq_Value=96000000
RCC.PRESCALERUSB=RCC_USBCLKSOURCE_PLL_DIV1_5
RCC.RNGFreq_Value=48000000
RCC.RTCFreq_Value=32000
RCC.RTCHSEDivFreq_Value=4000000
RCC.SAI1Freq_Value=64000000
RCC.SAI2Freq_Value=64000000
RCC.SDMMC2ClockSelection=RCC_SDMMC2CLKSOURCE_CLK48
RCC.SDMMC2Freq_Value=48000000
RCC.SDMMCClockSelection=RCC_SDMMC1CLKSOURCE_CLK48
RCC.SDMMCFreq_Value=48000000
RCC.SPDIFRXFreq_Value=96000000
RCC.SYSCLKFreq_VALUE=216000000
RCC.SYSCLKSource=RCC_SYSCLKSOURCE_PLLCLK
RCC.SYSCLKSourceVirtual=RCC_SYSCLKSOURCE_PLLCLK
RCC.TIM15Freq_Value=72000000
RCC.TIM16Freq_Value=72000000
RCC.TIM17Freq_Value=72000000
RCC.TIM1Freq_Value=72000000
RCC.TIM20Freq_Value=72000000
RCC.TIM2Freq_Value=72000000
RCC.TIM3Freq_Value=72000000
RCC.TIM8Freq_Value=72000000
RCC.UART4Freq_Value=54000000
RCC.UART5Freq_Value=54000000
RCC.UART7Freq_Value=54000000
RCC.UART8Freq_Value=54000000
RCC.USART1Freq_Value=108000000
RCC.USART2Freq_Value=54000000
RCC.USART3Freq_Value=54000000
RCC.USART6Freq_Value=108000000
RCC.USBFreq_Value=48000000
RCC.VCOI2SOutputFreq_Value=192000000
RCC.VCOInputFreq_Value=1000000
RCC.VCOOutput2Freq_Value=8000000
RCC.VCOOutputFreq_Value=432000000
RCC.VCOSAIOutputFreq_Value=192000000
RCC.VcooutputI2S=48000000
RCC.WatchDogFreq_Value=32000
SAI1.IPParameters=Instance-SAI_A_Master,SlotActive-SAI_A_Master
SAI1.Instance-SAI_A_Master=SAI$Index_Block_A
SAI1.SlotActive-SAI_A_Master=0x00000000
SDMMC1.BusWide=SDMMC_BUS_WIDE_1B
SDMMC1.IPParameters=BusWide,WideMode
SDMMC1.WideMode=SDMMC_BUS_WIDE_4B
SDMMC2.BusWide=SDMMC_BUS_WIDE_1B
SDMMC2.IPParameters=BusWide,WideMode
SDMMC2.WideMode=SDMMC_BUS_WIDE_4B
SH.S_TIM10_CH1.0=TIM10_CH1,PWM Generation1 CH1
SH.S_TIM10_CH1.ConfNb=1
SH.S_TIM13_CH1.0=TIM13_CH1,Input_Capture1_from_TI1
SH.S_TIM13_CH1.ConfNb=1
SH.S_TIM14_CH1.0=TIM14_CH1,Input_Capture1_from_TI1
SH.S_TIM14_CH1.ConfNb=1
SH.S_TIM1_CH1.0=TIM1_CH1,Input_Capture1_from_TI1
SH.S_TIM1_CH1.ConfNb=1
SH.S_TIM1_CH2.0=TIM1_CH2,Input_Capture2_from_TI2
SH.S_TIM1_CH2.ConfNb=1
SH.S_TIM2_CH1_ETR.0=TIM2_CH1,Input_Capture1_from_TI1
SH.S_TIM2_CH1_ETR.ConfNb=1
SH.S_TIM2_CH4.0=TIM2_CH4,Input_Capture4_from_TI4
SH.S_TIM2_CH4.ConfNb=1
SH.S_TIM3_CH1.0=TIM3_CH1,PWM Generation1 CH1
SH.S_TIM3_CH1.ConfNb=1
SH.S_TIM3_CH2.0=TIM3_CH2,PWM Generation2 CH2
SH.S_TIM3_CH2.ConfNb=1
SH.S_TIM3_CH3.0=TIM3_CH3,PWM Generation3 CH3
SH.S_TIM3_CH3.ConfNb=1
SH.S_TIM3_CH4.0=TIM3_CH4,PWM Generation4 CH4
SH.S_TIM3_CH4.ConfNb=1
SH.S_TIM4_CH1.0=TIM4_CH1,PWM Generation1 CH1
SH.S_TIM4_CH1.ConfNb=1
SH.S_TIM4_CH2.0=TIM4_CH2,Output Compare2 CH2
SH.S_TIM4_CH2.ConfNb=1
SH.S_TIM4_CH3.0=TIM4_CH3,PWM Generation3 CH3
SH.S_TIM4_CH3.ConfNb=1
SH.S_TIM4_CH4.0=TIM4_CH4,PWM Generation4 CH4
SH.S_TIM4_CH4.ConfNb=1
SH.S_TIM5_CH1.0=TIM5_CH1,Input_Capture1_from_TI1
SH.S_TIM5_CH1.ConfNb=1
SH.S_TIM8_CH1.0=TIM8_CH1,Input_Capture1_from_TI1
SH.S_TIM8_CH1.ConfNb=1
SH.S_TIM8_CH2.0=TIM8_CH2,Input_Capture2_from_TI2
SH.S_TIM8_CH2.ConfNb=1
SH.S_TIM9_CH2.0=TIM9_CH2,PWM Generation2 CH2
SH.S_TIM9_CH2.ConfNb=1
SPI2.CalculateBaudRate=27.0 MBits/s
SPI2.IPParameters=Mode,CalculateBaudRate
SPI2.Mode=SPI_MODE_MASTER
SPI4.CalculateBaudRate=54.0 MBits/s
SPI4.IPParameters=Mode,CalculateBaudRate
SPI4.Mode=SPI_MODE_MASTER
SPI5.CalculateBaudRate=54.0 MBits/s
SPI5.IPParameters=Mode,CalculateBaudRate
SPI5.Mode=SPI_MODE_MASTER
TIM1.Channel-Input_Capture2_from_TI2=TIM_CHANNEL_2
TIM1.IPParameters=Channel-Input_Capture2_from_TI2
TIM2.Channel-Input_Capture4_from_TI4=TIM_CHANNEL_4
TIM2.IPParameters=Channel-Input_Capture4_from_TI4
TIM3.Channel-PWM\ Generation2\ CH2=TIM_CHANNEL_2
TIM3.Channel-PWM\ Generation3\ CH3=TIM_CHANNEL_3
TIM3.Channel-PWM\ Generation4\ CH4=TIM_CHANNEL_4
TIM3.IPParameters=Channel-PWM Generation2 CH2,Channel-PWM Generation3 CH3,Channel-PWM Generation4 CH4
TIM4.Channel-Output\ Compare2\ CH2=TIM_CHANNEL_2
TIM4.Channel-PWM\ Generation3\ CH3=TIM_CHANNEL_3
TIM4.Channel-PWM\ Generation4\ CH4=TIM_CHANNEL_4
TIM4.IPParameters=Channel-PWM Generation3 CH3,Channel-PWM Generation4 CH4,Channel-Output Compare2 CH2
TIM8.Channel-Input_Capture2_from_TI2=TIM_CHANNEL_2
TIM8.IPParameters=Channel-Input_Capture2_from_TI2
TIM9.Channel-PWM\ Generation2\ CH2=TIM_CHANNEL_2
TIM9.IPParameters=Channel-PWM Generation2 CH2
UART5.IPParameters=WordLength
UART5.WordLength=UART_WORDLENGTH_8B
UART7.BaudRate=9600
UART7.IPParameters=WordLength,BaudRate
UART7.WordLength=UART_WORDLENGTH_8B
UART8.IPParameters=WordLength
UART8.WordLength=UART_WORDLENGTH_8B
USART3.IPParameters=WordLength
USART3.WordLength=UART_WORDLENGTH_8B
USB_DEVICE.CLASS_NAME-CDC_FS=CDC
USB_DEVICE.CLASS_NAME_FS=CDC
USB_DEVICE.IPParameters=VirtualModeFS,VirtualMode-CDC_FS,USBD_HandleTypeDef-CDC_FS,CLASS_NAME-CDC_FS,CLASS_NAME_FS
USB_DEVICE.USBD_HandleTypeDef-CDC_FS=hUsbDeviceFS
USB_DEVICE.VirtualMode-CDC_FS=Cdc
USB_DEVICE.VirtualModeFS=Cdc_FS
USB_OTG_FS.IPParameters=VirtualMode
USB_OTG_FS.VirtualMode=Device_Only
VP_FATFS_VS_SDIO.Mode=SDIO
VP_FATFS_VS_SDIO.Signal=FATFS_VS_SDIO
VP_FREERTOS_VS_ENABLE.Mode=Enabled
VP_FREERTOS_VS_ENABLE.Signal=FREERTOS_VS_ENABLE
VP_LWIP_VS_Enabled.Mode=Enabled
VP_LWIP_VS_Enabled.Signal=LWIP_VS_Enabled
VP_SYS_VS_Systick.Mode=SysTick
VP_SYS_VS_Systick.Signal=SYS_VS_Systick
VP_TIM10_VS_ClockSourceINT.Mode=Enable_Timer
VP_TIM10_VS_ClockSourceINT.Signal=TIM10_VS_ClockSourceINT
VP_TIM11_VS_ClockSourceINT.Mode=Enable_Timer
VP_TIM11_VS_ClockSourceINT.Signal=TIM11_VS_ClockSourceINT
VP_TIM13_VS_ClockSourceINT.Mode=Enable_Timer
VP_TIM13_VS_ClockSourceINT.Signal=TIM13_VS_ClockSourceINT
VP_TIM14_VS_ClockSourceINT.Mode=Enable_Timer
VP_TIM14_VS_ClockSourceINT.Signal=TIM14_VS_ClockSourceINT
VP_USB_DEVICE_VS_USB_DEVICE_CDC_FS.Mode=CDC_FS
VP_USB_DEVICE_VS_USB_DEVICE_CDC_FS.Signal=USB_DEVICE_VS_USB_DEVICE_CDC_FS
board=EEDrone
